
Microsoft Visual Studio Solution File, Format Version 12.00
# Visual Studio 14
VisualStudioVersion = 14.0.24720.0
MinimumVisualStudioVersion = 10.0.40219.1
Project("{FAE04EC0-301F-11D3-BF4B-00C04F79EFBC}") = "FileGenerator", "FileGenerator\FileGenerator.csproj", "{710F1E04-1E9C-4006-B8C7-D24564383D93}"
EndProject
Project("{FAE04EC0-301F-11D3-BF4B-00C04F79EFBC}") = "Models", "Models\Models.csproj", "{DC8A9219-AB4D-4F33-9E2F-C107016F0192}"
EndProject
Project("{2150E333-8FDC-42A3-9474-1A3956D46DE8}") = "DB scripts", "DB scripts", "{3EBE20C5-BB89-48C8-89CA-BD47E96F1258}"
	ProjectSection(SolutionItems) = preProject
		Custom types.sql = Custom types.sql
		SP.sql = SP.sql
		Tables.sql = Tables.sql
		Truncating tables data.sql = Truncating tables data.sql
	EndProjectSection
EndProject
Project("{FAE04EC0-301F-11D3-BF4B-00C04F79EFBC}") = "FileManager", "FileManager\FileManager.csproj", "{940D638C-DA5F-41FB-93E0-C540CDC037D4}"
EndProject
Project("{FAE04EC0-301F-11D3-BF4B-00C04F79EFBC}") = "App_Configuration", "App_Configuration\App_Configuration.csproj", "{CC42D27D-2737-4216-8FCC-6D3EF0EFC955}"
EndProject
Project("{FAE04EC0-301F-11D3-BF4B-00C04F79EFBC}") = "DAL", "DAL\DAL.csproj", "{8423F123-3119-486B-8A92-2122644363C2}"
EndProject
Project("{FAE04EC0-301F-11D3-BF4B-00C04F79EFBC}") = "DataManager", "DataManager\DataManager.csproj", "{47D45165-BF5A-46F8-9868-32856E277144}"
EndProject
Project("{FAE04EC0-301F-11D3-BF4B-00C04F79EFBC}") = "Pbar", "Pbar\Pbar.csproj", "{A51E600D-BE45-4E4C-A5B3-97E40274F45B}"
EndProject
Project("{FAE04EC0-301F-11D3-BF4B-00C04F79EFBC}") = "LogManager", "LogManager\LogManager.csproj", "{6361CB74-ADFB-4788-9D39-0581874FC991}"
EndProject
Global
	GlobalSection(SolutionConfigurationPlatforms) = preSolution
		Debug|Any CPU = Debug|Any CPU
		Release|Any CPU = Release|Any CPU
	EndGlobalSection
	GlobalSection(ProjectConfigurationPlatforms) = postSolution
		{710F1E04-1E9C-4006-B8C7-D24564383D93}.Debug|Any CPU.ActiveCfg = Debug|Any CPU
		{710F1E04-1E9C-4006-B8C7-D24564383D93}.Debug|Any CPU.Build.0 = Debug|Any CPU
		{710F1E04-1E9C-4006-B8C7-D24564383D93}.Release|Any CPU.ActiveCfg = Release|Any CPU
		{710F1E04-1E9C-4006-B8C7-D24564383D93}.Release|Any CPU.Build.0 = Release|Any CPU
		{DC8A9219-AB4D-4F33-9E2F-C107016F0192}.Debug|Any CPU.ActiveCfg = Debug|Any CPU
		{DC8A9219-AB4D-4F33-9E2F-C107016F0192}.Debug|Any CPU.Build.0 = Debug|Any CPU
		{DC8A9219-AB4D-4F33-9E2F-C107016F0192}.Release|Any CPU.ActiveCfg = Release|Any CPU
		{DC8A9219-AB4D-4F33-9E2F-C107016F0192}.Release|Any CPU.Build.0 = Release|Any CPU
		{940D638C-DA5F-41FB-93E0-C540CDC037D4}.Debug|Any CPU.ActiveCfg = Debug|Any CPU
		{940D638C-DA5F-41FB-93E0-C540CDC037D4}.Debug|Any CPU.Build.0 = Debug|Any CPU
		{940D638C-DA5F-41FB-93E0-C540CDC037D4}.Release|Any CPU.ActiveCfg = Release|Any CPU
		{940D638C-DA5F-41FB-93E0-C540CDC037D4}.Release|Any CPU.Build.0 = Release|Any CPU
		{CC42D27D-2737-4216-8FCC-6D3EF0EFC955}.Debug|Any CPU.ActiveCfg = Debug|Any CPU
		{CC42D27D-2737-4216-8FCC-6D3EF0EFC955}.Debug|Any CPU.Build.0 = Debug|Any CPU
		{CC42D27D-2737-4216-8FCC-6D3EF0EFC955}.Release|Any CPU.ActiveCfg = Release|Any CPU
		{CC42D27D-2737-4216-8FCC-6D3EF0EFC955}.Release|Any CPU.Build.0 = Release|Any CPU
		{8423F123-3119-486B-8A92-2122644363C2}.Debug|Any CPU.ActiveCfg = Debug|Any CPU
		{8423F123-3119-486B-8A92-2122644363C2}.Debug|Any CPU.Build.0 = Debug|Any CPU
		{8423F123-3119-486B-8A92-2122644363C2}.Release|Any CPU.ActiveCfg = Release|Any CPU
		{8423F123-3119-486B-8A92-2122644363C2}.Release|Any CPU.Build.0 = Release|Any CPU
		{47D45165-BF5A-46F8-9868-32856E277144}.Debug|Any CPU.ActiveCfg = Debug|Any CPU
		{47D45165-BF5A-46F8-9868-32856E277144}.Debug|Any CPU.Build.0 = Debug|Any CPU
		{47D45165-BF5A-46F8-9868-32856E277144}.Release|Any CPU.ActiveCfg = Release|Any CPU
		{47D45165-BF5A-46F8-9868-32856E277144}.Release|Any CPU.Build.0 = Release|Any CPU
		{A51E600D-BE45-4E4C-A5B3-97E40274F45B}.Debug|Any CPU.ActiveCfg = Debug|Any CPU
		{A51E600D-BE45-4E4C-A5B3-97E40274F45B}.Debug|Any CPU.Build.0 = Debug|Any CPU
		{A51E600D-BE45-4E4C-A5B3-97E40274F45B}.Release|Any CPU.ActiveCfg = Release|Any CPU
		{A51E600D-BE45-4E4C-A5B3-97E40274F45B}.Release|Any CPU.Build.0 = Release|Any CPU
		{6361CB74-ADFB-4788-9D39-0581874FC991}.Debug|Any CPU.ActiveCfg = Debug|Any CPU
		{6361CB74-ADFB-4788-9D39-0581874FC991}.Debug|Any CPU.Build.0 = Debug|Any CPU
		{6361CB74-ADFB-4788-9D39-0581874FC991}.Release|Any CPU.ActiveCfg = Release|Any CPU
		{6361CB74-ADFB-4788-9D39-0581874FC991}.Release|Any CPU.Build.0 = Release|Any CPU
	EndGlobalSection
	GlobalSection(SolutionProperties) = preSolution
		HideSolutionNode = FALSE
	EndGlobalSection
EndGlobal
